
Microsoft Visual Studio Solution File, Format Version 12.00
# Visual Studio Version 17
VisualStudioVersion = 17.7.34009.444
MinimumVisualStudioVersion = 10.0.40219.1
Project("{FAE04EC0-301F-11D3-BF4B-00C04F79EFBC}") = "ProducatorConsumator", "ProducatorConsumator.csproj", "{98AB10C5-9110-49BD-8B6D-DB638C96C3B1}"
EndProject
Global
	GlobalSection(SolutionConfigurationPlatforms) = preSolution
		Debug|Any CPU = Debug|Any CPU
		Release|Any CPU = Release|Any CPU
	EndGlobalSection
	GlobalSection(ProjectConfigurationPlatforms) = postSolution
		{98AB10C5-9110-49BD-8B6D-DB638C96C3B1}.Debug|Any CPU.ActiveCfg = Debug|Any CPU
		{98AB10C5-9110-49BD-8B6D-DB638C96C3B1}.Debug|Any CPU.Build.0 = Debug|Any CPU
		{98AB10C5-9110-49BD-8B6D-DB638C96C3B1}.Release|Any CPU.ActiveCfg = Release|Any CPU
		{98AB10C5-9110-49BD-8B6D-DB638C96C3B1}.Release|Any CPU.Build.0 = Release|Any CPU
	EndGlobalSection
	GlobalSection(SolutionProperties) = preSolution
		HideSolutionNode = FALSE
	EndGlobalSection
	GlobalSection(ExtensibilityGlobals) = postSolution
		SolutionGuid = {675C497E-E229-432E-81FD-DC90927C4F99}
	EndGlobalSection
EndGlobal
