
Microsoft Visual Studio Solution File, Format Version 12.00
# Visual Studio Version 17
VisualStudioVersion = 17.7.34009.444
MinimumVisualStudioVersion = 10.0.40219.1
Project("{FAE04EC0-301F-11D3-BF4B-00C04F79EFBC}") = "Lift", "Lift.csproj", "{7F10F97A-DF52-4FAA-9FD8-8818DB32DBB6}"
EndProject
Global
	GlobalSection(SolutionConfigurationPlatforms) = preSolution
		Debug|Any CPU = Debug|Any CPU
		Release|Any CPU = Release|Any CPU
	EndGlobalSection
	GlobalSection(ProjectConfigurationPlatforms) = postSolution
		{7F10F97A-DF52-4FAA-9FD8-8818DB32DBB6}.Debug|Any CPU.ActiveCfg = Debug|Any CPU
		{7F10F97A-DF52-4FAA-9FD8-8818DB32DBB6}.Debug|Any CPU.Build.0 = Debug|Any CPU
		{7F10F97A-DF52-4FAA-9FD8-8818DB32DBB6}.Release|Any CPU.ActiveCfg = Release|Any CPU
		{7F10F97A-DF52-4FAA-9FD8-8818DB32DBB6}.Release|Any CPU.Build.0 = Release|Any CPU
	EndGlobalSection
	GlobalSection(SolutionProperties) = preSolution
		HideSolutionNode = FALSE
	EndGlobalSection
	GlobalSection(ExtensibilityGlobals) = postSolution
		SolutionGuid = {CB64C8BC-F62A-44D7-BE63-8DDEBF38D409}
	EndGlobalSection
EndGlobal
